
Microsoft Visual Studio Solution File, Format Version 12.00
# Visual Studio Version 17
VisualStudioVersion = 17.0.31903.59
MinimumVisualStudioVersion = 10.0.40219.1
Project("{FAE04EC0-301F-11D3-BF4B-00C04F79EFBC}") = "DataStructures", "DataStructures\DataStructures.csproj", "{F81ABA03-A94D-4EDC-8F54-76C82AE2F274}"
EndProject
Global
	GlobalSection(SolutionConfigurationPlatforms) = preSolution
		Debug|Any CPU = Debug|Any CPU
		Release|Any CPU = Release|Any CPU
	EndGlobalSection
	GlobalSection(ProjectConfigurationPlatforms) = postSolution
		{F81ABA03-A94D-4EDC-8F54-76C82AE2F274}.Debug|Any CPU.ActiveCfg = Debug|Any CPU
		{F81ABA03-A94D-4EDC-8F54-76C82AE2F274}.Debug|Any CPU.Build.0 = Debug|Any CPU
		{F81ABA03-A94D-4EDC-8F54-76C82AE2F274}.Release|Any CPU.ActiveCfg = Release|Any CPU
		{F81ABA03-A94D-4EDC-8F54-76C82AE2F274}.Release|Any CPU.Build.0 = Release|Any CPU
	EndGlobalSection
	GlobalSection(SolutionProperties) = preSolution
		HideSolutionNode = FALSE
	EndGlobalSection
	GlobalSection(ExtensibilityGlobals) = postSolution
		SolutionGuid = {9B760E36-7AAD-4A7E-8EBE-D2CB8DE60B4D}
	EndGlobalSection
EndGlobal
